
Microsoft Visual Studio Solution File, Format Version 12.00
# Visual Studio Version 16
VisualStudioVersion = 16.0.30611.23
MinimumVisualStudioVersion = 10.0.40219.1
Project("{8BC9CEB8-8B4A-11D0-8D11-00A0C91BC942}") = "CarRental", "CarRental.vcxproj", "{8CF1A3FC-7676-4EA3-9B80-DD35B98A431D}"
EndProject
Global
	GlobalSection(SolutionConfigurationPlatforms) = preSolution
		Debug|x64 = Debug|x64
		Debug|x86 = Debug|x86
		Release|x64 = Release|x64
		Release|x86 = Release|x86
	EndGlobalSection
	GlobalSection(ProjectConfigurationPlatforms) = postSolution
		{8CF1A3FC-7676-4EA3-9B80-DD35B98A431D}.Debug|x64.ActiveCfg = Debug|x64
		{8CF1A3FC-7676-4EA3-9B80-DD35B98A431D}.Debug|x64.Build.0 = Debug|x64
		{8CF1A3FC-7676-4EA3-9B80-DD35B98A431D}.Debug|x86.ActiveCfg = Debug|Win32
		{8CF1A3FC-7676-4EA3-9B80-DD35B98A431D}.Debug|x86.Build.0 = Debug|Win32
		{8CF1A3FC-7676-4EA3-9B80-DD35B98A431D}.Release|x64.ActiveCfg = Release|x64
		{8CF1A3FC-7676-4EA3-9B80-DD35B98A431D}.Release|x64.Build.0 = Release|x64
		{8CF1A3FC-7676-4EA3-9B80-DD35B98A431D}.Release|x86.ActiveCfg = Release|Win32
		{8CF1A3FC-7676-4EA3-9B80-DD35B98A431D}.Release|x86.Build.0 = Release|Win32
	EndGlobalSection
	GlobalSection(SolutionProperties) = preSolution
		HideSolutionNode = FALSE
	EndGlobalSection
	GlobalSection(ExtensibilityGlobals) = postSolution
		SolutionGuid = {00FD18B6-F53C-45C2-A67C-63AF17BB79CB}
	EndGlobalSection
EndGlobal
